// !$*UTF8*$!
{
	archiveVersion = 1;
	classes = {
	};
	objectVersion = 77;
	objects = {

/* Begin PBXBuildFile section */
		D681C8D62DF88EFE00A2D51C /* README.md in Resources */ = {isa = PBXBuildFile; fileRef = D681C8D52DF88EF100A2D51C /* README.md */; };
/* End PBXBuildFile section */

/* Begin PBXContainerItemProxy section */
		D6A079C52DB58FF100E0BDA2 /* PBXContainerItemProxy */ = {
			isa = PBXContainerItemProxy;
			containerPortal = D6A079AF2DB58FF000E0BDA2 /* Project object */;
			proxyType = 1;
			remoteGlobalIDString = D6A079B62DB58FF000E0BDA2;
			remoteInfo = "Don’t Forget Me";
		};
		D6A079CF2DB58FF100E0BDA2 /* PBXContainerItemProxy */ = {
			isa = PBXContainerItemProxy;
			containerPortal = D6A079AF2DB58FF000E0BDA2 /* Project object */;
			proxyType = 1;
			remoteGlobalIDString = D6A079B62DB58FF000E0BDA2;
			remoteInfo = "Don’t Forget Me";
		};
/* End PBXContainerItemProxy section */

/* Begin PBXFileReference section */
		D6758AFF2DF8B04600DC0EE7 /* Don’t Forget Me.app */ = {isa = PBXFileReference; explicitFileType = wrapper.application; includeInIndex = 0; name = "Don’t Forget Me.app"; path = "/Users/leroyfainberg/Desktop/לירוי - תיכון/לירוי תכנות/Don’t Forget Me/build/Debug-iphoneos/Don’t Forget Me.app"; sourceTree = "<absolute>"; };
		D6758B002DF8B04600DC0EE7 /* Don’t Forget MeTests.xctest */ = {isa = PBXFileReference; explicitFileType = wrapper.cfbundle; includeInIndex = 0; name = "Don’t Forget MeTests.xctest"; path = "/Users/leroyfainberg/Desktop/לירוי - תיכון/לירוי תכנות/Don’t Forget Me/build/Debug-iphoneos/Don’t Forget Me.app/PlugIns/Don’t Forget MeTests.xctest"; sourceTree = "<absolute>"; };
		D6758B012DF8B04600DC0EE7 /* Don’t Forget MeUITests.xctest */ = {isa = PBXFileReference; explicitFileType = wrapper.cfbundle; includeInIndex = 0; name = "Don’t Forget MeUITests.xctest"; path = "/Users/leroyfainberg/Desktop/לירוי - תיכון/לירוי תכנות/Don’t Forget Me/build/Debug-iphoneos/Don’t Forget MeUITests-Runner.app/PlugIns/Don’t Forget MeUITests.xctest"; sourceTree = "<absolute>"; };
		D681C8D52DF88EF100A2D51C /* README.md */ = {isa = PBXFileReference; lastKnownFileType = net.daringfireball.markdown; path = README.md; sourceTree = "<group>"; };
/* End PBXFileReference section */

/* Begin PBXFileSystemSynchronizedRootGroup section */
		D6A079B92DB58FF000E0BDA2 /* Don’t Forget Me */ = {
			isa = PBXFileSystemSynchronizedRootGroup;
			path = "Don’t Forget Me";
			sourceTree = "<group>";
		};
		D6A079C72DB58FF100E0BDA2 /* Don’t Forget MeTests */ = {
			isa = PBXFileSystemSynchronizedRootGroup;
			path = "Don’t Forget MeTests";
			sourceTree = "<group>";
		};
		D6A079D12DB58FF100E0BDA2 /* Don’t Forget MeUITests */ = {
			isa = PBXFileSystemSynchronizedRootGroup;
			path = "Don’t Forget MeUITests";
			sourceTree = "<group>";
		};
/* End PBXFileSystemSynchronizedRootGroup section */

/* Begin PBXFrameworksBuildPhase section */
		D6A079B42DB58FF000E0BDA2 /* Frameworks */ = {
			isa = PBXFrameworksBuildPhase;
			buildActionMask = 2147483647;
			files = (
			);
			runOnlyForDeploymentPostprocessing = 0;
		};
		D6A079C12DB58FF100E0BDA2 /* Frameworks */ = {
			isa = PBXFrameworksBuildPhase;
			buildActionMask = 2147483647;
			files = (
			);
			runOnlyForDeploymentPostprocessing = 0;
		};
		D6A079CB2DB58FF100E0BDA2 /* Frameworks */ = {
			isa = PBXFrameworksBuildPhase;
			buildActionMask = 2147483647;
			files = (
			);
			runOnlyForDeploymentPostprocessing = 0;
		};
/* End PBXFrameworksBuildPhase section */

/* Begin PBXGroup section */
		D6A079AE2DB58FF000E0BDA2 = {
			isa = PBXGroup;
			children = (
				D6A079B92DB58FF000E0BDA2 /* Don’t Forget Me */,
				D6A079C72DB58FF100E0BDA2 /* Don’t Forget MeTests */,
				D6A079D12DB58FF100E0BDA2 /* Don’t Forget MeUITests */,
				D681C8D52DF88EF100A2D51C /* README.md */,
			);
			sourceTree = "<group>";
		};
/* End PBXGroup section */

/* Begin PBXNativeTarget section */
		D6A079B62DB58FF000E0BDA2 /* Don’t Forget Me */ = {
			isa = PBXNativeTarget;
			buildConfigurationList = D6A079D82DB58FF100E0BDA2 /* Build configuration list for PBXNativeTarget "Don’t Forget Me" */;
			buildPhases = (
				D6A079B32DB58FF000E0BDA2 /* Sources */,
				D6A079B42DB58FF000E0BDA2 /* Frameworks */,
				D6A079B52DB58FF000E0BDA2 /* Resources */,
			);
			buildRules = (
			);
			dependencies = (
			);
			fileSystemSynchronizedGroups = (
				D6A079B92DB58FF000E0BDA2 /* Don’t Forget Me */,
			);
			name = "Don’t Forget Me";
			packageProductDependencies = (
			);
			productName = "Don’t Forget Me";
			productReference = D6758AFF2DF8B04600DC0EE7 /* Don’t Forget Me.app */;
			productType = "com.apple.product-type.application";
		};
		D6A079C32DB58FF100E0BDA2 /* Don’t Forget MeTests */ = {
			isa = PBXNativeTarget;
			buildConfigurationList = D6A079DB2DB58FF100E0BDA2 /* Build configuration list for PBXNativeTarget "Don’t Forget MeTests" */;
			buildPhases = (
				D6A079C02DB58FF100E0BDA2 /* Sources */,
				D6A079C12DB58FF100E0BDA2 /* Frameworks */,
				D6A079C22DB58FF100E0BDA2 /* Resources */,
			);
			buildRules = (
			);
			dependencies = (
				D6A079C62DB58FF100E0BDA2 /* PBXTargetDependency */,
			);
			fileSystemSynchronizedGroups = (
				D6A079C72DB58FF100E0BDA2 /* Don’t Forget MeTests */,
			);
			name = "Don’t Forget MeTests";
			packageProductDependencies = (
			);
			productName = "Don’t Forget MeTests";
			productReference = D6758B002DF8B04600DC0EE7 /* Don’t Forget MeTests.xctest */;
			productType = "com.apple.product-type.bundle.unit-test";
		};
		D6A079CD2DB58FF100E0BDA2 /* Don’t Forget MeUITests */ = {
			isa = PBXNativeTarget;
			buildConfigurationList = D6A079DE2DB58FF100E0BDA2 /* Build configuration list for PBXNativeTarget "Don’t Forget MeUITests" */;
			buildPhases = (
				D6A079CA2DB58FF100E0BDA2 /* Sources */,
				D6A079CB2DB58FF100E0BDA2 /* Frameworks */,
				D6A079CC2DB58FF100E0BDA2 /* Resources */,
			);
			buildRules = (
			);
			dependencies = (
				D6A079D02DB58FF100E0BDA2 /* PBXTargetDependency */,
			);
			fileSystemSynchronizedGroups = (
				D6A079D12DB58FF100E0BDA2 /* Don’t Forget MeUITests */,
			);
			name = "Don’t Forget MeUITests";
			packageProductDependencies = (
			);
			productName = "Don’t Forget MeUITests";
			productReference = D6758B012DF8B04600DC0EE7 /* Don’t Forget MeUITests.xctest */;
			productType = "com.apple.product-type.bundle.ui-testing";
		};
/* End PBXNativeTarget section */

/* Begin PBXProject section */
		D6A079AF2DB58FF000E0BDA2 /* Project object */ = {
			isa = PBXProject;
			attributes = {
				BuildIndependentTargetsInParallel = 1;
				LastSwiftUpdateCheck = 1630;
				LastUpgradeCheck = 1630;
				TargetAttributes = {
					D6A079B62DB58FF000E0BDA2 = {
						CreatedOnToolsVersion = 16.3;
					};
					D6A079C32DB58FF100E0BDA2 = {
						CreatedOnToolsVersion = 16.3;
						TestTargetID = D6A079B62DB58FF000E0BDA2;
					};
					D6A079CD2DB58FF100E0BDA2 = {
						CreatedOnToolsVersion = 16.3;
						TestTargetID = D6A079B62DB58FF000E0BDA2;
					};
				};
			};
			buildConfigurationList = D6A079B22DB58FF000E0BDA2 /* Build configuration list for PBXProject "Don’t Forget Me" */;
			developmentRegion = en;
			hasScannedForEncodings = 0;
			knownRegions = (
				en,
				Base,
			);
			mainGroup = D6A079AE2DB58FF000E0BDA2;
			minimizedProjectReferenceProxies = 1;
			preferredProjectObjectVersion = 77;
			productRefGroup = D6A079AE2DB58FF000E0BDA2;
			projectDirPath = "";
			projectRoot = "";
			targets = (
				D6A079B62DB58FF000E0BDA2 /* Don’t Forget Me */,
				D6A079C32DB58FF100E0BDA2 /* Don’t Forget MeTests */,
				D6A079CD2DB58FF100E0BDA2 /* Don’t Forget MeUITests */,
			);
		};
/* End PBXProject section */

/* Begin PBXResourcesBuildPhase section */
		D6A079B52DB58FF000E0BDA2 /* Resources */ = {
			isa = PBXResourcesBuildPhase;
			buildActionMask = 2147483647;
			files = (
				D681C8D62DF88EFE00A2D51C /* README.md in Resources */,
			);
			runOnlyForDeploymentPostprocessing = 0;
		};
		D6A079C22DB58FF100E0BDA2 /* Resources */ = {
			isa = PBXResourcesBuildPhase;
			buildActionMask = 2147483647;
			files = (
			);
			runOnlyForDeploymentPostprocessing = 0;
		};
		D6A079CC2DB58FF100E0BDA2 /* Resources */ = {
			isa = PBXResourcesBuildPhase;
			buildActionMask = 2147483647;
			files = (
			);
			runOnlyForDeploymentPostprocessing = 0;
		};
/* End PBXResourcesBuildPhase section */

/* Begin PBXSourcesBuildPhase section */
		D6A079B32DB58FF000E0BDA2 /* Sources */ = {
			isa = PBXSourcesBuildPhase;
			buildActionMask = 2147483647;
			files = (
			);
			runOnlyForDeploymentPostprocessing = 0;
		};
		D6A079C02DB58FF100E0BDA2 /* Sources */ = {
			isa = PBXSourcesBuildPhase;
			buildActionMask = 2147483647;
			files = (
			);
			runOnlyForDeploymentPostprocessing = 0;
		};
		D6A079CA2DB58FF100E0BDA2 /* Sources */ = {
			isa = PBXSourcesBuildPhase;
			buildActionMask = 2147483647;
			files = (
			);
			runOnlyForDeploymentPostprocessing = 0;
		};
/* End PBXSourcesBuildPhase section */

/* Begin PBXTargetDependency section */
		D6A079C62DB58FF100E0BDA2 /* PBXTargetDependency */ = {
			isa = PBXTargetDependency;
			target = D6A079B62DB58FF000E0BDA2 /* Don’t Forget Me */;
			targetProxy = D6A079C52DB58FF100E0BDA2 /* PBXContainerItemProxy */;
		};
		D6A079D02DB58FF100E0BDA2 /* PBXTargetDependency */ = {
			isa = PBXTargetDependency;
			target = D6A079B62DB58FF000E0BDA2 /* Don’t Forget Me */;
			targetProxy = D6A079CF2DB58FF100E0BDA2 /* PBXContainerItemProxy */;
		};
/* End PBXTargetDependency section */

/* Begin XCBuildConfiguration section */
		D6A079D62DB58FF100E0BDA2 /* Debug */ = {
			isa = XCBuildConfiguration;
			buildSettings = {
				ALWAYS_SEARCH_USER_PATHS = NO;
				ASSETCATALOG_COMPILER_GENERATE_SWIFT_ASSET_SYMBOL_EXTENSIONS = YES;
				CLANG_ANALYZER_NONNULL = YES;
				CLANG_ANALYZER_NUMBER_OBJECT_CONVERSION = YES_AGGRESSIVE;
				CLANG_CXX_LANGUAGE_STANDARD = "gnu++20";
				CLANG_ENABLE_MODULES = YES;
				CLANG_ENABLE_OBJC_ARC = YES;
				CLANG_ENABLE_OBJC_WEAK = YES;
				CLANG_WARN_BLOCK_CAPTURE_AUTORELEASING = YES;
				CLANG_WARN_BOOL_CONVERSION = YES;
				CLANG_WARN_COMMA = YES;
				CLANG_WARN_CONSTANT_CONVERSION = YES;
				CLANG_WARN_DEPRECATED_OBJC_IMPLEMENTATIONS = YES;
				CLANG_WARN_DIRECT_OBJC_ISA_USAGE = YES_ERROR;
				CLANG_WARN_DOCUMENTATION_COMMENTS = YES;
				CLANG_WARN_EMPTY_BODY = YES;
				CLANG_WARN_ENUM_CONVERSION = YES;
				CLANG_WARN_INFINITE_RECURSION = YES;
				CLANG_WARN_INT_CONVERSION = YES;
				CLANG_WARN_NON_LITERAL_NULL_CONVERSION = YES;
				CLANG_WARN_OBJC_IMPLICIT_RETAIN_SELF = YES;
				CLANG_WARN_OBJC_LITERAL_CONVERSION = YES;
				CLANG_WARN_OBJC_ROOT_CLASS = YES_ERROR;
				CLANG_WARN_QUOTED_INCLUDE_IN_FRAMEWORK_HEADER = YES;
				CLANG_WARN_RANGE_LOOP_ANALYSIS = YES;
				CLANG_WARN_STRICT_PROTOTYPES = YES;
				CLANG_WARN_SUSPICIOUS_MOVE = YES;
				CLANG_WARN_UNGUARDED_AVAILABILITY = YES_AGGRESSIVE;
				CLANG_WARN_UNREACHABLE_CODE = YES;
				CLANG_WARN__DUPLICATE_METHOD_MATCH = YES;
				COPY_PHASE_STRIP = NO;
				DEBUG_INFORMATION_FORMAT = dwarf;
				ENABLE_STRICT_OBJC_MSGSEND = YES;
				ENABLE_TESTABILITY = YES;
				ENABLE_USER_SCRIPT_SANDBOXING = YES;
				GCC_C_LANGUAGE_STANDARD = gnu17;
				GCC_DYNAMIC_NO_PIC = NO;
				GCC_NO_COMMON_BLOCKS = YES;
				GCC_OPTIMIZATION_LEVEL = 0;
				GCC_PREPROCESSOR_DEFINITIONS = (
					"DEBUG=1",
					"$(inherited)",
				);
				GCC_WARN_64_TO_32_BIT_CONVERSION = YES;
				GCC_WARN_ABOUT_RETURN_TYPE = YES_ERROR;
				GCC_WARN_UNDECLARED_SELECTOR = YES;
				GCC_WARN_UNINITIALIZED_AUTOS = YES_AGGRESSIVE;
				GCC_WARN_UNUSED_FUNCTION = YES;
				GCC_WARN_UNUSED_VARIABLE = YES;
				IPHONEOS_DEPLOYMENT_TARGET = 18.4;
				LOCALIZATION_PREFERS_STRING_CATALOGS = YES;
				MTL_ENABLE_DEBUG_INFO = INCLUDE_SOURCE;
				MTL_FAST_MATH = YES;
				ONLY_ACTIVE_ARCH = YES;
				SDKROOT = iphoneos;
				SWIFT_ACTIVE_COMPILATION_CONDITIONS = "DEBUG $(inherited)";
				SWIFT_OPTIMIZATION_LEVEL = "-Onone";
			};
			name = Debug;
		};
		D6A079D72DB58FF100E0BDA2 /* Release */ = {
			isa = XCBuildConfiguration;
			buildSettings = {
				ALWAYS_SEARCH_USER_PATHS = NO;
				ASSETCATALOG_COMPILER_GENERATE_SWIFT_ASSET_SYMBOL_EXTENSIONS = YES;
				CLANG_ANALYZER_NONNULL = YES;
				CLANG_ANALYZER_NUMBER_OBJECT_CONVERSION = YES_AGGRESSIVE;
				CLANG_CXX_LANGUAGE_STANDARD = "gnu++20";
				CLANG_ENABLE_MODULES = YES;
				CLANG_ENABLE_OBJC_ARC = YES;
				CLANG_ENABLE_OBJC_WEAK = YES;
				CLANG_WARN_BLOCK_CAPTURE_AUTORELEASING = YES;
				CLANG_WARN_BOOL_CONVERSION = YES;
				CLANG_WARN_COMMA = YES;
				CLANG_WARN_CONSTANT_CONVERSION = YES;
				CLANG_WARN_DEPRECATED_OBJC_IMPLEMENTATIONS = YES;
				CLANG_WARN_DIRECT_OBJC_ISA_USAGE = YES_ERROR;
				CLANG_WARN_DOCUMENTATION_COMMENTS = YES;
				CLANG_WARN_EMPTY_BODY = YES;
				CLANG_WARN_ENUM_CONVERSION = YES;
				CLANG_WARN_INFINITE_RECURSION = YES;
				CLANG_WARN_INT_CONVERSION = YES;
				CLANG_WARN_NON_LITERAL_NULL_CONVERSION = YES;
				CLANG_WARN_OBJC_IMPLICIT_RETAIN_SELF = YES;
				CLANG_WARN_OBJC_LITERAL_CONVERSION = YES;
				CLANG_WARN_OBJC_ROOT_CLASS = YES_ERROR;
				CLANG_WARN_QUOTED_INCLUDE_IN_FRAMEWORK_HEADER = YES;
				CLANG_WARN_RANGE_LOOP_ANALYSIS = YES;
				CLANG_WARN_STRICT_PROTOTYPES = YES;
				CLANG_WARN_SUSPICIOUS_MOVE = YES;
				CLANG_WARN_UNGUARDED_AVAILABILITY = YES_AGGRESSIVE;
				CLANG_WARN_UNREACHABLE_CODE = YES;
				CLANG_WARN__DUPLICATE_METHOD_MATCH = YES;
				COPY_PHASE_STRIP = NO;
				DEBUG_INFORMATION_FORMAT = "dwarf-with-dsym";
				ENABLE_NS_ASSERTIONS = NO;
				ENABLE_STRICT_OBJC_MSGSEND = YES;
				ENABLE_USER_SCRIPT_SANDBOXING = YES;
				GCC_C_LANGUAGE_STANDARD = gnu17;
				GCC_NO_COMMON_BLOCKS = YES;
				GCC_WARN_64_TO_32_BIT_CONVERSION = YES;
				GCC_WARN_ABOUT_RETURN_TYPE = YES_ERROR;
				GCC_WARN_UNDECLARED_SELECTOR = YES;
				GCC_WARN_UNINITIALIZED_AUTOS = YES_AGGRESSIVE;
				GCC_WARN_UNUSED_FUNCTION = YES;
				GCC_WARN_UNUSED_VARIABLE = YES;
				IPHONEOS_DEPLOYMENT_TARGET = 18.4;
				LOCALIZATION_PREFERS_STRING_CATALOGS = YES;
				MTL_ENABLE_DEBUG_INFO = NO;
				MTL_FAST_MATH = YES;
				SDKROOT = iphoneos;
				SWIFT_COMPILATION_MODE = wholemodule;
				VALIDATE_PRODUCT = YES;
			};
			name = Release;
		};
		D6A079D92DB58FF100E0BDA2 /* Debug */ = {
			isa = XCBuildConfiguration;
			buildSettings = {
				ASSETCATALOG_COMPILER_APPICON_NAME = AppIcon;
				ASSETCATALOG_COMPILER_GLOBAL_ACCENT_COLOR_NAME = AccentColor;
				CODE_SIGN_STYLE = Automatic;
				CURRENT_PROJECT_VERSION = 1;
				DEVELOPMENT_TEAM = L59U42AHDR;
				ENABLE_PREVIEWS = YES;
				GENERATE_INFOPLIST_FILE = YES;
				INFOPLIST_KEY_UIApplicationSceneManifest_Generation = YES;
				INFOPLIST_KEY_UIApplicationSupportsIndirectInputEvents = YES;
				INFOPLIST_KEY_UILaunchScreen_Generation = YES;
				INFOPLIST_KEY_UISupportedInterfaceOrientations_iPad = "UIInterfaceOrientationPortrait UIInterfaceOrientationPortraitUpsideDown UIInterfaceOrientationLandscapeLeft UIInterfaceOrientationLandscapeRight";
				INFOPLIST_KEY_UISupportedInterfaceOrientations_iPhone = "UIInterfaceOrientationPortrait UIInterfaceOrientationLandscapeLeft UIInterfaceOrientationLandscapeRight";
				LD_RUNPATH_SEARCH_PATHS = (
					"$(inherited)",
					"@executable_path/Frameworks",
				);
				MARKETING_VERSION = 1.0;
				PRODUCT_BUNDLE_IDENTIFIER = "com.example.Don-t-Forget-Me";
				PRODUCT_NAME = "$(TARGET_NAME)";
				SWIFT_EMIT_LOC_STRINGS = YES;
				SWIFT_VERSION = 5.0;
				TARGETED_DEVICE_FAMILY = "1,2";
			};
			name = Debug;
		};
		D6A079DA2DB58FF100E0BDA2 /* Release */ = {
			isa = XCBuildConfiguration;
			buildSettings = {
				ASSETCATALOG_COMPILER_APPICON_NAME = AppIcon;
				ASSETCATALOG_COMPILER_GLOBAL_ACCENT_COLOR_NAME = AccentColor;
				CODE_SIGN_STYLE = Automatic;
				CURRENT_PROJECT_VERSION = 1;
				DEVELOPMENT_TEAM = L59U42AHDR;
				ENABLE_PREVIEWS = YES;
				GENERATE_INFOPLIST_FILE = YES;
				INFOPLIST_KEY_UIApplicationSceneManifest_Generation = YES;
				INFOPLIST_KEY_UIApplicationSupportsIndirectInputEvents = YES;
				INFOPLIST_KEY_UILaunchScreen_Generation = YES;
				INFOPLIST_KEY_UISupportedInterfaceOrientations_iPad = "UIInterfaceOrientationPortrait UIInterfaceOrientationPortraitUpsideDown UIInterfaceOrientationLandscapeLeft UIInterfaceOrientationLandscapeRight";
				INFOPLIST_KEY_UISupportedInterfaceOrientations_iPhone = "UIInterfaceOrientationPortrait UIInterfaceOrientationLandscapeLeft UIInterfaceOrientationLandscapeRight";
				LD_RUNPATH_SEARCH_PATHS = (
					"$(inherited)",
					"@executable_path/Frameworks",
				);
				MARKETING_VERSION = 1.0;
				PRODUCT_BUNDLE_IDENTIFIER = "com.example.Don-t-Forget-Me";
				PRODUCT_NAME = "$(TARGET_NAME)";
				SWIFT_EMIT_LOC_STRINGS = YES;
				SWIFT_VERSION = 5.0;
				TARGETED_DEVICE_FAMILY = "1,2";
			};
			name = Release;
		};
		D6A079DC2DB58FF100E0BDA2 /* Debug */ = {
			isa = XCBuildConfiguration;
			buildSettings = {
				BUNDLE_LOADER = "$(TEST_HOST)";
				CODE_SIGN_STYLE = Automatic;
				CURRENT_PROJECT_VERSION = 1;
				GENERATE_INFOPLIST_FILE = YES;
				IPHONEOS_DEPLOYMENT_TARGET = 18.4;
				MARKETING_VERSION = 1.0;
				PRODUCT_BUNDLE_IDENTIFIER = "com.example.Don-t-Forget-MeTests";
				PRODUCT_NAME = "$(TARGET_NAME)";
				SWIFT_EMIT_LOC_STRINGS = NO;
				SWIFT_VERSION = 5.0;
				TARGETED_DEVICE_FAMILY = "1,2";
				TEST_HOST = "$(BUILT_PRODUCTS_DIR)/Don’t Forget Me.app/$(BUNDLE_EXECUTABLE_FOLDER_PATH)/Don’t Forget Me";
			};
			name = Debug;
		};
		D6A079DD2DB58FF100E0BDA2 /* Release */ = {
			isa = XCBuildConfiguration;
			buildSettings = {
				BUNDLE_LOADER = "$(TEST_HOST)";
				CODE_SIGN_STYLE = Automatic;
				CURRENT_PROJECT_VERSION = 1;
				GENERATE_INFOPLIST_FILE = YES;
				IPHONEOS_DEPLOYMENT_TARGET = 18.4;
				MARKETING_VERSION = 1.0;
				PRODUCT_BUNDLE_IDENTIFIER = "com.example.Don-t-Forget-MeTests";
				PRODUCT_NAME = "$(TARGET_NAME)";
				SWIFT_EMIT_LOC_STRINGS = NO;
				SWIFT_VERSION = 5.0;
				TARGETED_DEVICE_FAMILY = "1,2";
				TEST_HOST = "$(BUILT_PRODUCTS_DIR)/Don’t Forget Me.app/$(BUNDLE_EXECUTABLE_FOLDER_PATH)/Don’t Forget Me";
			};
			name = Release;
		};
		D6A079DF2DB58FF100E0BDA2 /* Debug */ = {
			isa = XCBuildConfiguration;
			buildSettings = {
				CODE_SIGN_STYLE = Automatic;
				CURRENT_PROJECT_VERSION = 1;
				GENERATE_INFOPLIST_FILE = YES;
				MARKETING_VERSION = 1.0;
				PRODUCT_BUNDLE_IDENTIFIER = "com.example.Don-t-Forget-MeUITests";
				PRODUCT_NAME = "$(TARGET_NAME)";
				SWIFT_EMIT_LOC_STRINGS = NO;
				SWIFT_VERSION = 5.0;
				TARGETED_DEVICE_FAMILY = "1,2";
				TEST_TARGET_NAME = "Don’t Forget Me";
			};
			name = Debug;
		};
		D6A079E02DB58FF100E0BDA2 /* Release */ = {
			isa = XCBuildConfiguration;
			buildSettings = {
				CODE_SIGN_STYLE = Automatic;
				CURRENT_PROJECT_VERSION = 1;
				GENERATE_INFOPLIST_FILE = YES;
				MARKETING_VERSION = 1.0;
				PRODUCT_BUNDLE_IDENTIFIER = "com.example.Don-t-Forget-MeUITests";
				PRODUCT_NAME = "$(TARGET_NAME)";
				SWIFT_EMIT_LOC_STRINGS = NO;
				SWIFT_VERSION = 5.0;
				TARGETED_DEVICE_FAMILY = "1,2";
				TEST_TARGET_NAME = "Don’t Forget Me";
			};
			name = Release;
		};
/* End XCBuildConfiguration section */

/* Begin XCConfigurationList section */
		D6A079B22DB58FF000E0BDA2 /* Build configuration list for PBXProject "Don’t Forget Me" */ = {
			isa = XCConfigurationList;
			buildConfigurations = (
				D6A079D62DB58FF100E0BDA2 /* Debug */,
				D6A079D72DB58FF100E0BDA2 /* Release */,
			);
			defaultConfigurationIsVisible = 0;
			defaultConfigurationName = Release;
		};
		D6A079D82DB58FF100E0BDA2 /* Build configuration list for PBXNativeTarget "Don’t Forget Me" */ = {
			isa = XCConfigurationList;
			buildConfigurations = (
				D6A079D92DB58FF100E0BDA2 /* Debug */,
				D6A079DA2DB58FF100E0BDA2 /* Release */,
			);
			defaultConfigurationIsVisible = 0;
			defaultConfigurationName = Release;
		};
		D6A079DB2DB58FF100E0BDA2 /* Build configuration list for PBXNativeTarget "Don’t Forget MeTests" */ = {
			isa = XCConfigurationList;
			buildConfigurations = (
				D6A079DC2DB58FF100E0BDA2 /* Debug */,
				D6A079DD2DB58FF100E0BDA2 /* Release */,
			);
			defaultConfigurationIsVisible = 0;
			defaultConfigurationName = Release;
		};
		D6A079DE2DB58FF100E0BDA2 /* Build configuration list for PBXNativeTarget "Don’t Forget MeUITests" */ = {
			isa = XCConfigurationList;
			buildConfigurations = (
				D6A079DF2DB58FF100E0BDA2 /* Debug */,
				D6A079E02DB58FF100E0BDA2 /* Release */,
			);
			defaultConfigurationIsVisible = 0;
			defaultConfigurationName = Release;
		};
/* End XCConfigurationList section */
	};
	rootObject = D6A079AF2DB58FF000E0BDA2 /* Project object */;
}
